
Microsoft Visual Studio Solution File, Format Version 12.00
# Visual Studio Version 16
VisualStudioVersion = 16.0.29102.190
MinimumVisualStudioVersion = 10.0.40219.1
Project("{FAE04EC0-301F-11D3-BF4B-00C04F79EFBC}") = "C1_6_Console_Core", "C1_6_Console_Core\C1_6_Console_Core.csproj", "{899E1E87-91F2-4C8B-B750-A5F7B1AF1D06}"
EndProject
Global
	GlobalSection(SolutionConfigurationPlatforms) = preSolution
		Debug|Any CPU = Debug|Any CPU
		Release|Any CPU = Release|Any CPU
	EndGlobalSection
	GlobalSection(ProjectConfigurationPlatforms) = postSolution
		{899E1E87-91F2-4C8B-B750-A5F7B1AF1D06}.Debug|Any CPU.ActiveCfg = Debug|Any CPU
		{899E1E87-91F2-4C8B-B750-A5F7B1AF1D06}.Debug|Any CPU.Build.0 = Debug|Any CPU
		{899E1E87-91F2-4C8B-B750-A5F7B1AF1D06}.Release|Any CPU.ActiveCfg = Release|Any CPU
		{899E1E87-91F2-4C8B-B750-A5F7B1AF1D06}.Release|Any CPU.Build.0 = Release|Any CPU
	EndGlobalSection
	GlobalSection(SolutionProperties) = preSolution
		HideSolutionNode = FALSE
	EndGlobalSection
	GlobalSection(ExtensibilityGlobals) = postSolution
		SolutionGuid = {CEC9A832-4A24-49A7-A8D6-A81B938DAB6F}
	EndGlobalSection
EndGlobal
