
Microsoft Visual Studio Solution File, Format Version 11.00
# Visual Studio 2010
Project("{FAE04EC0-301F-11D3-BF4B-00C04F79EFBC}") = "Test13_5_S", "Test13_5_S\Test13_5_S.csproj", "{A59FCFC4-DF4A-4AC4-A9AD-E71FC91F2E97}"
EndProject
Project("{FAE04EC0-301F-11D3-BF4B-00C04F79EFBC}") = "Test13_5_R", "Test13_5_R\Test13_5_R.csproj", "{F406AA99-E1DB-423F-92E2-3DD5F0053F63}"
EndProject
Global
	GlobalSection(SolutionConfigurationPlatforms) = preSolution
		Debug|x86 = Debug|x86
		Release|x86 = Release|x86
	EndGlobalSection
	GlobalSection(ProjectConfigurationPlatforms) = postSolution
		{A59FCFC4-DF4A-4AC4-A9AD-E71FC91F2E97}.Debug|x86.ActiveCfg = Debug|x86
		{A59FCFC4-DF4A-4AC4-A9AD-E71FC91F2E97}.Debug|x86.Build.0 = Debug|x86
		{A59FCFC4-DF4A-4AC4-A9AD-E71FC91F2E97}.Release|x86.ActiveCfg = Release|x86
		{A59FCFC4-DF4A-4AC4-A9AD-E71FC91F2E97}.Release|x86.Build.0 = Release|x86
		{F406AA99-E1DB-423F-92E2-3DD5F0053F63}.Debug|x86.ActiveCfg = Debug|x86
		{F406AA99-E1DB-423F-92E2-3DD5F0053F63}.Debug|x86.Build.0 = Debug|x86
		{F406AA99-E1DB-423F-92E2-3DD5F0053F63}.Release|x86.ActiveCfg = Release|x86
		{F406AA99-E1DB-423F-92E2-3DD5F0053F63}.Release|x86.Build.0 = Release|x86
	EndGlobalSection
	GlobalSection(SolutionProperties) = preSolution
		HideSolutionNode = FALSE
	EndGlobalSection
EndGlobal
