
Microsoft Visual Studio Solution File, Format Version 12.00
# Visual Studio Version 16
VisualStudioVersion = 16.0.29519.87
MinimumVisualStudioVersion = 10.0.40219.1
Project("{FAE04EC0-301F-11D3-BF4B-00C04F79EFBC}") = "TryCatchFinally", "TryCatchFinally\TryCatchFinally.csproj", "{49847508-D402-422B-8794-047B0916CA54}"
EndProject
Global
	GlobalSection(SolutionConfigurationPlatforms) = preSolution
		Debug|Any CPU = Debug|Any CPU
		Release|Any CPU = Release|Any CPU
	EndGlobalSection
	GlobalSection(ProjectConfigurationPlatforms) = postSolution
		{49847508-D402-422B-8794-047B0916CA54}.Debug|Any CPU.ActiveCfg = Debug|Any CPU
		{49847508-D402-422B-8794-047B0916CA54}.Debug|Any CPU.Build.0 = Debug|Any CPU
		{49847508-D402-422B-8794-047B0916CA54}.Release|Any CPU.ActiveCfg = Release|Any CPU
		{49847508-D402-422B-8794-047B0916CA54}.Release|Any CPU.Build.0 = Release|Any CPU
	EndGlobalSection
	GlobalSection(SolutionProperties) = preSolution
		HideSolutionNode = FALSE
	EndGlobalSection
	GlobalSection(ExtensibilityGlobals) = postSolution
		SolutionGuid = {09392F8F-EAC9-4DD0-BE65-FC626A23AC85}
	EndGlobalSection
EndGlobal
