
Microsoft Visual Studio Solution File, Format Version 12.00
# Visual Studio Version 16
VisualStudioVersion = 16.0.29102.190
MinimumVisualStudioVersion = 10.0.40219.1
Project("{FAE04EC0-301F-11D3-BF4B-00C04F79EFBC}") = "C1_8_WpfApp", "C1_8_WpfApp\C1_8_WpfApp.csproj", "{898AA557-7776-4A93-A74F-13CAE1064A99}"
EndProject
Global
	GlobalSection(SolutionConfigurationPlatforms) = preSolution
		Debug|Any CPU = Debug|Any CPU
		Release|Any CPU = Release|Any CPU
	EndGlobalSection
	GlobalSection(ProjectConfigurationPlatforms) = postSolution
		{898AA557-7776-4A93-A74F-13CAE1064A99}.Debug|Any CPU.ActiveCfg = Debug|Any CPU
		{898AA557-7776-4A93-A74F-13CAE1064A99}.Debug|Any CPU.Build.0 = Debug|Any CPU
		{898AA557-7776-4A93-A74F-13CAE1064A99}.Release|Any CPU.ActiveCfg = Release|Any CPU
		{898AA557-7776-4A93-A74F-13CAE1064A99}.Release|Any CPU.Build.0 = Release|Any CPU
	EndGlobalSection
	GlobalSection(SolutionProperties) = preSolution
		HideSolutionNode = FALSE
	EndGlobalSection
	GlobalSection(ExtensibilityGlobals) = postSolution
		SolutionGuid = {7F4DDD05-53DD-4199-9F4B-92F83D6B955E}
	EndGlobalSection
EndGlobal
