
Microsoft Visual Studio Solution File, Format Version 11.00
# Visual Studio 2010
Project("{FAE04EC0-301F-11D3-BF4B-00C04F79EFBC}") = "test3_7", "test3_7\test3_7.csproj", "{ABD50074-771C-4CC6-9E63-71E877F37BFE}"
EndProject
Global
	GlobalSection(SolutionConfigurationPlatforms) = preSolution
		Debug|x86 = Debug|x86
		Release|x86 = Release|x86
	EndGlobalSection
	GlobalSection(ProjectConfigurationPlatforms) = postSolution
		{ABD50074-771C-4CC6-9E63-71E877F37BFE}.Debug|x86.ActiveCfg = Debug|x86
		{ABD50074-771C-4CC6-9E63-71E877F37BFE}.Debug|x86.Build.0 = Debug|x86
		{ABD50074-771C-4CC6-9E63-71E877F37BFE}.Release|x86.ActiveCfg = Release|x86
		{ABD50074-771C-4CC6-9E63-71E877F37BFE}.Release|x86.Build.0 = Release|x86
	EndGlobalSection
	GlobalSection(SolutionProperties) = preSolution
		HideSolutionNode = FALSE
	EndGlobalSection
EndGlobal
