
Microsoft Visual Studio Solution File, Format Version 12.00
# Visual Studio Version 16
VisualStudioVersion = 16.0.29009.5
MinimumVisualStudioVersion = 10.0.40219.1
Project("{FAE04EC0-301F-11D3-BF4B-00C04F79EFBC}") = "C1_4_WebApplication", "C1_4_WebApplication\C1_4_WebApplication.csproj", "{5E77B712-8BB4-41BB-B804-F71156C0EBAE}"
EndProject
Global
	GlobalSection(SolutionConfigurationPlatforms) = preSolution
		Debug|Any CPU = Debug|Any CPU
		Release|Any CPU = Release|Any CPU
	EndGlobalSection
	GlobalSection(ProjectConfigurationPlatforms) = postSolution
		{5E77B712-8BB4-41BB-B804-F71156C0EBAE}.Debug|Any CPU.ActiveCfg = Debug|Any CPU
		{5E77B712-8BB4-41BB-B804-F71156C0EBAE}.Debug|Any CPU.Build.0 = Debug|Any CPU
		{5E77B712-8BB4-41BB-B804-F71156C0EBAE}.Release|Any CPU.ActiveCfg = Release|Any CPU
		{5E77B712-8BB4-41BB-B804-F71156C0EBAE}.Release|Any CPU.Build.0 = Release|Any CPU
	EndGlobalSection
	GlobalSection(SolutionProperties) = preSolution
		HideSolutionNode = FALSE
	EndGlobalSection
	GlobalSection(ExtensibilityGlobals) = postSolution
		SolutionGuid = {8DE9549B-F49B-462F-AE46-4501EFADB1D5}
	EndGlobalSection
EndGlobal
