
Microsoft Visual Studio Solution File, Format Version 11.00
# Visual Studio 2010
Project("{FAE04EC0-301F-11D3-BF4B-00C04F79EFBC}") = "test3_4", "Test3_4\test3_4.csproj", "{3AF5568B-A76B-4A67-A1C1-8A3657F9B3F7}"
EndProject
Global
	GlobalSection(SolutionConfigurationPlatforms) = preSolution
		Debug|x86 = Debug|x86
		Release|x86 = Release|x86
	EndGlobalSection
	GlobalSection(ProjectConfigurationPlatforms) = postSolution
		{3AF5568B-A76B-4A67-A1C1-8A3657F9B3F7}.Debug|x86.ActiveCfg = Debug|x86
		{3AF5568B-A76B-4A67-A1C1-8A3657F9B3F7}.Debug|x86.Build.0 = Debug|x86
		{3AF5568B-A76B-4A67-A1C1-8A3657F9B3F7}.Release|x86.ActiveCfg = Release|x86
		{3AF5568B-A76B-4A67-A1C1-8A3657F9B3F7}.Release|x86.Build.0 = Release|x86
	EndGlobalSection
	GlobalSection(SolutionProperties) = preSolution
		HideSolutionNode = FALSE
	EndGlobalSection
EndGlobal
